
Microsoft Visual Studio Solution File, Format Version 12.00
# Visual Studio Version 17
VisualStudioVersion = 17.5.33502.453
MinimumVisualStudioVersion = 10.0.40219.1
Project("{FAE04EC0-301F-11D3-BF4B-00C04F79EFBC}") = "WeatherBE", "WeatherBE.csproj", "{1EE4920B-5AA5-4334-AD87-ACA922759285}"
EndProject
Global
	GlobalSection(SolutionConfigurationPlatforms) = preSolution
		Debug|Any CPU = Debug|Any CPU
		Release|Any CPU = Release|Any CPU
	EndGlobalSection
	GlobalSection(ProjectConfigurationPlatforms) = postSolution
		{1EE4920B-5AA5-4334-AD87-ACA922759285}.Debug|Any CPU.ActiveCfg = Debug|Any CPU
		{1EE4920B-5AA5-4334-AD87-ACA922759285}.Debug|Any CPU.Build.0 = Debug|Any CPU
		{1EE4920B-5AA5-4334-AD87-ACA922759285}.Release|Any CPU.ActiveCfg = Release|Any CPU
		{1EE4920B-5AA5-4334-AD87-ACA922759285}.Release|Any CPU.Build.0 = Release|Any CPU
	EndGlobalSection
	GlobalSection(SolutionProperties) = preSolution
		HideSolutionNode = FALSE
	EndGlobalSection
	GlobalSection(ExtensibilityGlobals) = postSolution
		SolutionGuid = {E0E8A9A6-D2B0-440F-BD21-8180D2B5ABFB}
	EndGlobalSection
EndGlobal
