
Microsoft Visual Studio Solution File, Format Version 12.00
# Visual Studio Version 17
VisualStudioVersion = 17.5.33414.496
MinimumVisualStudioVersion = 10.0.40219.1
Project("{FAE04EC0-301F-11D3-BF4B-00C04F79EFBC}") = "todo-app", "todo-app\todo-app.csproj", "{37F86A17-E5CA-4CE6-AD9C-A3052C0989AE}"
EndProject
Global
	GlobalSection(SolutionConfigurationPlatforms) = preSolution
		Debug|Any CPU = Debug|Any CPU
		Release|Any CPU = Release|Any CPU
	EndGlobalSection
	GlobalSection(ProjectConfigurationPlatforms) = postSolution
		{37F86A17-E5CA-4CE6-AD9C-A3052C0989AE}.Debug|Any CPU.ActiveCfg = Debug|Any CPU
		{37F86A17-E5CA-4CE6-AD9C-A3052C0989AE}.Debug|Any CPU.Build.0 = Debug|Any CPU
		{37F86A17-E5CA-4CE6-AD9C-A3052C0989AE}.Release|Any CPU.ActiveCfg = Release|Any CPU
		{37F86A17-E5CA-4CE6-AD9C-A3052C0989AE}.Release|Any CPU.Build.0 = Release|Any CPU
	EndGlobalSection
	GlobalSection(SolutionProperties) = preSolution
		HideSolutionNode = FALSE
	EndGlobalSection
	GlobalSection(ExtensibilityGlobals) = postSolution
		SolutionGuid = {C2C129A8-AE48-49F0-8E3D-486B4A5FAD26}
	EndGlobalSection
EndGlobal
